PODS:
  - Alamofire (5.2.2)
  - IQKeyboardManagerSwift (6.5.6)
  - KRActivityIndicatorView (3.0.5)
  - KRProgressHUD (3.4.5):
    - KRActivityIndicatorView (= 3.0.5)
  - ReachabilitySwift (5.0.0)
  - SkyFloatingLabelTextField (3.8.0)
  - SwiftyAttributes (5.1.1)
  - SwiftyJSON (5.0.0)

DEPENDENCIES:
  - Alamofire
  - IQKeyboardManagerSwift
  - KRProgressHUD
  - ReachabilitySwift
  - SkyFloatingLabelTextField
  - SwiftyAttributes
  - SwiftyJSON

SPEC REPOS:
  trunk:
    - Alamofire
    - IQKeyboardManagerSwift
    - KRActivityIndicatorView
    - KRProgressHUD
    - ReachabilitySwift
    - SkyFloatingLabelTextField
    - SwiftyAttributes
    - SwiftyJSON

SPEC CHECKSUMS:
  Alamofire: 814429acc853c6c54ff123fc3d2ef66803823ce0
  IQKeyboardManagerSwift: c7df9d2deb356c04522f5c4b7b6e4ce4d8ed94fe
  KRActivityIndicatorView: 912bc0413d98340f384b12a4e1e6aa8f42fb377d
  KRProgressHUD: df4cdc3a1baf708d4276a089ee34d133fa9a6f3e
  ReachabilitySwift: 985039c6f7b23a1da463388634119492ff86c825
  SkyFloatingLabelTextField: 5a338412114808e961fe2d14ea2c5452c8b6e4aa
  SwiftyAttributes: e3e13891ddac3c62b3d7798d5c3969cea88e62bb
  SwiftyJSON: 36413e04c44ee145039d332b4f4e2d3e8d6c4db7

PODFILE CHECKSUM: 9bd6093d6f5ebf1dc52f1153b7c6beb3cd84c7e8

COCOAPODS: 1.9.3
