// !$*UTF8*$!
{
	archiveVersion = 1;
	classes = {
	};
	objectVersion = 50;
	objects = {

/* Begin PBXBuildFile section */
		7E8D633424D2AB960037BB81 /* AppDelegate.swift in Sources */ = {isa = PBXBuildFile; fileRef = 7E8D633324D2AB960037BB81 /* AppDelegate.swift */; };
		7E8D633824D2AB960037BB81 /* ViewController.swift in Sources */ = {isa = PBXBuildFile; fileRef = 7E8D633724D2AB960037BB81 /* ViewController.swift */; };
		7E8D633B24D2AB960037BB81 /* Main.storyboard in Resources */ = {isa = PBXBuildFile; fileRef = 7E8D633924D2AB960037BB81 /* Main.storyboard */; };
		7E8D633D24D2AB980037BB81 /* Assets.xcassets in Resources */ = {isa = PBXBuildFile; fileRef = 7E8D633C24D2AB980037BB81 /* Assets.xcassets */; };
		7E8D634024D2AB980037BB81 /* LaunchScreen.storyboard in Resources */ = {isa = PBXBuildFile; fileRef = 7E8D633E24D2AB980037BB81 /* LaunchScreen.storyboard */; };
		7E8D634924D2ACF70037BB81 /* PhoneContacts.swift in Sources */ = {isa = PBXBuildFile; fileRef = 7E8D634824D2ACF70037BB81 /* PhoneContacts.swift */; };
		7E8D634B24D2B07E0037BB81 /* ObjectPhoneContact.swift in Sources */ = {isa = PBXBuildFile; fileRef = 7E8D634A24D2B07E0037BB81 /* ObjectPhoneContact.swift */; };
		7E8D634D24D2B2D20037BB81 /* Contact.swift in Sources */ = {isa = PBXBuildFile; fileRef = 7E8D634C24D2B2D20037BB81 /* Contact.swift */; };
		7E8D634F24D2B54B0037BB81 /* DBContact.swift in Sources */ = {isa = PBXBuildFile; fileRef = 7E8D634E24D2B54B0037BB81 /* DBContact.swift */; };
		7E8D635424D2BB670037BB81 /* HomeVC.swift in Sources */ = {isa = PBXBuildFile; fileRef = 7E8D635224D2BB670037BB81 /* HomeVC.swift */; };
		7E8D635524D2BB670037BB81 /* HomeVC.xib in Resources */ = {isa = PBXBuildFile; fileRef = 7E8D635324D2BB670037BB81 /* HomeVC.xib */; };
		7E8D635824D2BC490037BB81 /* HomeCell.swift in Sources */ = {isa = PBXBuildFile; fileRef = 7E8D635624D2BC490037BB81 /* HomeCell.swift */; };
		7E8D635924D2BC490037BB81 /* HomeCell.xib in Resources */ = {isa = PBXBuildFile; fileRef = 7E8D635724D2BC490037BB81 /* HomeCell.xib */; };
/* End PBXBuildFile section */

/* Begin PBXFileReference section */
		7E8D633024D2AB960037BB81 /* DanhBaDienThoai.app */ = {isa = PBXFileReference; explicitFileType = wrapper.application; includeInIndex = 0; path = DanhBaDienThoai.app; sourceTree = BUILT_PRODUCTS_DIR; };
		7E8D633324D2AB960037BB81 /* AppDelegate.swift */ = {isa = PBXFileReference; lastKnownFileType = sourcecode.swift; path = AppDelegate.swift; sourceTree = "<group>"; };
		7E8D633724D2AB960037BB81 /* ViewController.swift */ = {isa = PBXFileReference; lastKnownFileType = sourcecode.swift; path = ViewController.swift; sourceTree = "<group>"; };
		7E8D633A24D2AB960037BB81 /* Base */ = {isa = PBXFileReference; lastKnownFileType = file.storyboard; name = Base; path = Base.lproj/Main.storyboard; sourceTree = "<group>"; };
		7E8D633C24D2AB980037BB81 /* Assets.xcassets */ = {isa = PBXFileReference; lastKnownFileType = folder.assetcatalog; path = Assets.xcassets; sourceTree = "<group>"; };
		7E8D633F24D2AB980037BB81 /* Base */ = {isa = PBXFileReference; lastKnownFileType = file.storyboard; name = Base; path = Base.lproj/LaunchScreen.storyboard; sourceTree = "<group>"; };
		7E8D634124D2AB980037BB81 /* Info.plist */ = {isa = PBXFileReference; lastKnownFileType = text.plist.xml; path = Info.plist; sourceTree = "<group>"; };
		7E8D634824D2ACF70037BB81 /* PhoneContacts.swift */ = {isa = PBXFileReference; lastKnownFileType = sourcecode.swift; path = PhoneContacts.swift; sourceTree = "<group>"; };
		7E8D634A24D2B07E0037BB81 /* ObjectPhoneContact.swift */ = {isa = PBXFileReference; lastKnownFileType = sourcecode.swift; path = ObjectPhoneContact.swift; sourceTree = "<group>"; };
		7E8D634C24D2B2D20037BB81 /* Contact.swift */ = {isa = PBXFileReference; lastKnownFileType = sourcecode.swift; path = Contact.swift; sourceTree = "<group>"; };
		7E8D634E24D2B54B0037BB81 /* DBContact.swift */ = {isa = PBXFileReference; lastKnownFileType = sourcecode.swift; path = DBContact.swift; sourceTree = "<group>"; };
		7E8D635224D2BB670037BB81 /* HomeVC.swift */ = {isa = PBXFileReference; lastKnownFileType = sourcecode.swift; path = HomeVC.swift; sourceTree = "<group>"; };
		7E8D635324D2BB670037BB81 /* HomeVC.xib */ = {isa = PBXFileReference; lastKnownFileType = file.xib; path = HomeVC.xib; sourceTree = "<group>"; };
		7E8D635624D2BC490037BB81 /* HomeCell.swift */ = {isa = PBXFileReference; lastKnownFileType = sourcecode.swift; path = HomeCell.swift; sourceTree = "<group>"; };
		7E8D635724D2BC490037BB81 /* HomeCell.xib */ = {isa = PBXFileReference; lastKnownFileType = file.xib; path = HomeCell.xib; sourceTree = "<group>"; };
/* End PBXFileReference section */

/* Begin PBXFrameworksBuildPhase section */
		7E8D632D24D2AB960037BB81 /* Frameworks */ = {
			isa = PBXFrameworksBuildPhase;
			buildActionMask = 2147483647;
			files = (
			);
			runOnlyForDeploymentPostprocessing = 0;
		};
/* End PBXFrameworksBuildPhase section */

/* Begin PBXGroup section */
		7E8D632724D2AB960037BB81 = {
			isa = PBXGroup;
			children = (
				7E8D633224D2AB960037BB81 /* DanhBaDienThoai */,
				7E8D633124D2AB960037BB81 /* Products */,
			);
			sourceTree = "<group>";
		};
		7E8D633124D2AB960037BB81 /* Products */ = {
			isa = PBXGroup;
			children = (
				7E8D633024D2AB960037BB81 /* DanhBaDienThoai.app */,
			);
			name = Products;
			sourceTree = "<group>";
		};
		7E8D633224D2AB960037BB81 /* DanhBaDienThoai */ = {
			isa = PBXGroup;
			children = (
				7E8D635124D2BB1E0037BB81 /* HomeVC */,
				7E8D635024D2BB0B0037BB81 /* DataaBase */,
				7E8D633324D2AB960037BB81 /* AppDelegate.swift */,
				7E8D633724D2AB960037BB81 /* ViewController.swift */,
				7E8D633924D2AB960037BB81 /* Main.storyboard */,
				7E8D633C24D2AB980037BB81 /* Assets.xcassets */,
				7E8D633E24D2AB980037BB81 /* LaunchScreen.storyboard */,
				7E8D634124D2AB980037BB81 /* Info.plist */,
				7E8D634A24D2B07E0037BB81 /* ObjectPhoneContact.swift */,
			);
			path = DanhBaDienThoai;
			sourceTree = "<group>";
		};
		7E8D635024D2BB0B0037BB81 /* DataaBase */ = {
			isa = PBXGroup;
			children = (
				7E8D634824D2ACF70037BB81 /* PhoneContacts.swift */,
				7E8D634C24D2B2D20037BB81 /* Contact.swift */,
				7E8D634E24D2B54B0037BB81 /* DBContact.swift */,
			);
			path = DataaBase;
			sourceTree = "<group>";
		};
		7E8D635124D2BB1E0037BB81 /* HomeVC */ = {
			isa = PBXGroup;
			children = (
				7E8D635224D2BB670037BB81 /* HomeVC.swift */,
				7E8D635324D2BB670037BB81 /* HomeVC.xib */,
				7E8D635624D2BC490037BB81 /* HomeCell.swift */,
				7E8D635724D2BC490037BB81 /* HomeCell.xib */,
			);
			path = HomeVC;
			sourceTree = "<group>";
		};
/* End PBXGroup section */

/* Begin PBXNativeTarget section */
		7E8D632F24D2AB960037BB81 /* DanhBaDienThoai */ = {
			isa = PBXNativeTarget;
			buildConfigurationList = 7E8D634424D2AB980037BB81 /* Build configuration list for PBXNativeTarget "DanhBaDienThoai" */;
			buildPhases = (
				7E8D632C24D2AB960037BB81 /* Sources */,
				7E8D632D24D2AB960037BB81 /* Frameworks */,
				7E8D632E24D2AB960037BB81 /* Resources */,
			);
			buildRules = (
			);
			dependencies = (
			);
			name = DanhBaDienThoai;
			productName = DanhBaDienThoai;
			productReference = 7E8D633024D2AB960037BB81 /* DanhBaDienThoai.app */;
			productType = "com.apple.product-type.application";
		};
/* End PBXNativeTarget section */

/* Begin PBXProject section */
		7E8D632824D2AB960037BB81 /* Project object */ = {
			isa = PBXProject;
			attributes = {
				LastSwiftUpdateCheck = 1150;
				LastUpgradeCheck = 1150;
				ORGANIZATIONNAME = "Phạm Khánh Hưng";
				TargetAttributes = {
					7E8D632F24D2AB960037BB81 = {
						CreatedOnToolsVersion = 11.5;
					};
				};
			};
			buildConfigurationList = 7E8D632B24D2AB960037BB81 /* Build configuration list for PBXProject "DanhBaDienThoai" */;
			compatibilityVersion = "Xcode 9.3";
			developmentRegion = en;
			hasScannedForEncodings = 0;
			knownRegions = (
				en,
				Base,
			);
			mainGroup = 7E8D632724D2AB960037BB81;
			productRefGroup = 7E8D633124D2AB960037BB81 /* Products */;
			projectDirPath = "";
			projectRoot = "";
			targets = (
				7E8D632F24D2AB960037BB81 /* DanhBaDienThoai */,
			);
		};
/* End PBXProject section */

/* Begin PBXResourcesBuildPhase section */
		7E8D632E24D2AB960037BB81 /* Resources */ = {
			isa = PBXResourcesBuildPhase;
			buildActionMask = 2147483647;
			files = (
				7E8D634024D2AB980037BB81 /* LaunchScreen.storyboard in Resources */,
				7E8D635524D2BB670037BB81 /* HomeVC.xib in Resources */,
				7E8D633D24D2AB980037BB81 /* Assets.xcassets in Resources */,
				7E8D633B24D2AB960037BB81 /* Main.storyboard in Resources */,
				7E8D635924D2BC490037BB81 /* HomeCell.xib in Resources */,
			);
			runOnlyForDeploymentPostprocessing = 0;
		};
/* End PBXResourcesBuildPhase section */

/* Begin PBXSourcesBuildPhase section */
		7E8D632C24D2AB960037BB81 /* Sources */ = {
			isa = PBXSourcesBuildPhase;
			buildActionMask = 2147483647;
			files = (
				7E8D634F24D2B54B0037BB81 /* DBContact.swift in Sources */,
				7E8D635424D2BB670037BB81 /* HomeVC.swift in Sources */,
				7E8D633824D2AB960037BB81 /* ViewController.swift in Sources */,
				7E8D633424D2AB960037BB81 /* AppDelegate.swift in Sources */,
				7E8D634B24D2B07E0037BB81 /* ObjectPhoneContact.swift in Sources */,
				7E8D634924D2ACF70037BB81 /* PhoneContacts.swift in Sources */,
				7E8D635824D2BC490037BB81 /* HomeCell.swift in Sources */,
				7E8D634D24D2B2D20037BB81 /* Contact.swift in Sources */,
			);
			runOnlyForDeploymentPostprocessing = 0;
		};
/* End PBXSourcesBuildPhase section */

/* Begin PBXVariantGroup section */
		7E8D633924D2AB960037BB81 /* Main.storyboard */ = {
			isa = PBXVariantGroup;
			children = (
				7E8D633A24D2AB960037BB81 /* Base */,
			);
			name = Main.storyboard;
			sourceTree = "<group>";
		};
		7E8D633E24D2AB980037BB81 /* LaunchScreen.storyboard */ = {
			isa = PBXVariantGroup;
			children = (
				7E8D633F24D2AB980037BB81 /* Base */,
			);
			name = LaunchScreen.storyboard;
			sourceTree = "<group>";
		};
/* End PBXVariantGroup section */

/* Begin XCBuildConfiguration section */
		7E8D634224D2AB980037BB81 /* Debug */ = {
			isa = XCBuildConfiguration;
			buildSettings = {
				ALWAYS_SEARCH_USER_PATHS = NO;
				CLANG_ANALYZER_NONNULL = YES;
				CLANG_ANALYZER_NUMBER_OBJECT_CONVERSION = YES_AGGRESSIVE;
				CLANG_CXX_LANGUAGE_STANDARD = "gnu++14";
				CLANG_CXX_LIBRARY = "libc++";
				CLANG_ENABLE_MODULES = YES;
				CLANG_ENABLE_OBJC_ARC = YES;
				CLANG_ENABLE_OBJC_WEAK = YES;
				CLANG_WARN_BLOCK_CAPTURE_AUTORELEASING = YES;
				CLANG_WARN_BOOL_CONVERSION = YES;
				CLANG_WARN_COMMA = YES;
				CLANG_WARN_CONSTANT_CONVERSION = YES;
				CLANG_WARN_DEPRECATED_OBJC_IMPLEMENTATIONS = YES;
				CLANG_WARN_DIRECT_OBJC_ISA_USAGE = YES_ERROR;
				CLANG_WARN_DOCUMENTATION_COMMENTS = YES;
				CLANG_WARN_EMPTY_BODY = YES;
				CLANG_WARN_ENUM_CONVERSION = YES;
				CLANG_WARN_INFINITE_RECURSION = YES;
				CLANG_WARN_INT_CONVERSION = YES;
				CLANG_WARN_NON_LITERAL_NULL_CONVERSION = YES;
				CLANG_WARN_OBJC_IMPLICIT_RETAIN_SELF = YES;
				CLANG_WARN_OBJC_LITERAL_CONVERSION = YES;
				CLANG_WARN_OBJC_ROOT_CLASS = YES_ERROR;
				CLANG_WARN_RANGE_LOOP_ANALYSIS = YES;
				CLANG_WARN_STRICT_PROTOTYPES = YES;
				CLANG_WARN_SUSPICIOUS_MOVE = YES;
				CLANG_WARN_UNGUARDED_AVAILABILITY = YES_AGGRESSIVE;
				CLANG_WARN_UNREACHABLE_CODE = YES;
				CLANG_WARN__DUPLICATE_METHOD_MATCH = YES;
				COPY_PHASE_STRIP = NO;
				DEBUG_INFORMATION_FORMAT = dwarf;
				ENABLE_STRICT_OBJC_MSGSEND = YES;
				ENABLE_TESTABILITY = YES;
				GCC_C_LANGUAGE_STANDARD = gnu11;
				GCC_DYNAMIC_NO_PIC = NO;
				GCC_NO_COMMON_BLOCKS = YES;
				GCC_OPTIMIZATION_LEVEL = 0;
				GCC_PREPROCESSOR_DEFINITIONS = (
					"DEBUG=1",
					"$(inherited)",
				);
				GCC_WARN_64_TO_32_BIT_CONVERSION = YES;
				GCC_WARN_ABOUT_RETURN_TYPE = YES_ERROR;
				GCC_WARN_UNDECLARED_SELECTOR = YES;
				GCC_WARN_UNINITIALIZED_AUTOS = YES_AGGRESSIVE;
				GCC_WARN_UNUSED_FUNCTION = YES;
				GCC_WARN_UNUSED_VARIABLE = YES;
				IPHONEOS_DEPLOYMENT_TARGET = 13.5;
				MTL_ENABLE_DEBUG_INFO = INCLUDE_SOURCE;
				MTL_FAST_MATH = YES;
				ONLY_ACTIVE_ARCH = YES;
				SDKROOT = iphoneos;
				SWIFT_ACTIVE_COMPILATION_CONDITIONS = DEBUG;
				SWIFT_OPTIMIZATION_LEVEL = "-Onone";
			};
			name = Debug;
		};
		7E8D634324D2AB980037BB81 /* Release */ = {
			isa = XCBuildConfiguration;
			buildSettings = {
				ALWAYS_SEARCH_USER_PATHS = NO;
				CLANG_ANALYZER_NONNULL = YES;
				CLANG_ANALYZER_NUMBER_OBJECT_CONVERSION = YES_AGGRESSIVE;
				CLANG_CXX_LANGUAGE_STANDARD = "gnu++14";
				CLANG_CXX_LIBRARY = "libc++";
				CLANG_ENABLE_MODULES = YES;
				CLANG_ENABLE_OBJC_ARC = YES;
				CLANG_ENABLE_OBJC_WEAK = YES;
				CLANG_WARN_BLOCK_CAPTURE_AUTORELEASING = YES;
				CLANG_WARN_BOOL_CONVERSION = YES;
				CLANG_WARN_COMMA = YES;
				CLANG_WARN_CONSTANT_CONVERSION = YES;
				CLANG_WARN_DEPRECATED_OBJC_IMPLEMENTATIONS = YES;
				CLANG_WARN_DIRECT_OBJC_ISA_USAGE = YES_ERROR;
				CLANG_WARN_DOCUMENTATION_COMMENTS = YES;
				CLANG_WARN_EMPTY_BODY = YES;
				CLANG_WARN_ENUM_CONVERSION = YES;
				CLANG_WARN_INFINITE_RECURSION = YES;
				CLANG_WARN_INT_CONVERSION = YES;
				CLANG_WARN_NON_LITERAL_NULL_CONVERSION = YES;
				CLANG_WARN_OBJC_IMPLICIT_RETAIN_SELF = YES;
				CLANG_WARN_OBJC_LITERAL_CONVERSION = YES;
				CLANG_WARN_OBJC_ROOT_CLASS = YES_ERROR;
				CLANG_WARN_RANGE_LOOP_ANALYSIS = YES;
				CLANG_WARN_STRICT_PROTOTYPES = YES;
				CLANG_WARN_SUSPICIOUS_MOVE = YES;
				CLANG_WARN_UNGUARDED_AVAILABILITY = YES_AGGRESSIVE;
				CLANG_WARN_UNREACHABLE_CODE = YES;
				CLANG_WARN__DUPLICATE_METHOD_MATCH = YES;
				COPY_PHASE_STRIP = NO;
				DEBUG_INFORMATION_FORMAT = "dwarf-with-dsym";
				ENABLE_NS_ASSERTIONS = NO;
				ENABLE_STRICT_OBJC_MSGSEND = YES;
				GCC_C_LANGUAGE_STANDARD = gnu11;
				GCC_NO_COMMON_BLOCKS = YES;
				GCC_WARN_64_TO_32_BIT_CONVERSION = YES;
				GCC_WARN_ABOUT_RETURN_TYPE = YES_ERROR;
				GCC_WARN_UNDECLARED_SELECTOR = YES;
				GCC_WARN_UNINITIALIZED_AUTOS = YES_AGGRESSIVE;
				GCC_WARN_UNUSED_FUNCTION = YES;
				GCC_WARN_UNUSED_VARIABLE = YES;
				IPHONEOS_DEPLOYMENT_TARGET = 13.5;
				MTL_ENABLE_DEBUG_INFO = NO;
				MTL_FAST_MATH = YES;
				SDKROOT = iphoneos;
				SWIFT_COMPILATION_MODE = wholemodule;
				SWIFT_OPTIMIZATION_LEVEL = "-O";
				VALIDATE_PRODUCT = YES;
			};
			name = Release;
		};
		7E8D634524D2AB980037BB81 /* Debug */ = {
			isa = XCBuildConfiguration;
			buildSettings = {
				ASSETCATALOG_COMPILER_APPICON_NAME = AppIcon;
				CODE_SIGN_STYLE = Automatic;
				INFOPLIST_FILE = DanhBaDienThoai/Info.plist;
				LD_RUNPATH_SEARCH_PATHS = (
					"$(inherited)",
					"@executable_path/Frameworks",
				);
				PRODUCT_BUNDLE_IDENTIFIER = PhamKhanhHung.DanhBaDienThoai;
				PRODUCT_NAME = "$(TARGET_NAME)";
				SWIFT_VERSION = 5.0;
				TARGETED_DEVICE_FAMILY = "1,2";
			};
			name = Debug;
		};
		7E8D634624D2AB980037BB81 /* Release */ = {
			isa = XCBuildConfiguration;
			buildSettings = {
				ASSETCATALOG_COMPILER_APPICON_NAME = AppIcon;
				CODE_SIGN_STYLE = Automatic;
				INFOPLIST_FILE = DanhBaDienThoai/Info.plist;
				LD_RUNPATH_SEARCH_PATHS = (
					"$(inherited)",
					"@executable_path/Frameworks",
				);
				PRODUCT_BUNDLE_IDENTIFIER = PhamKhanhHung.DanhBaDienThoai;
				PRODUCT_NAME = "$(TARGET_NAME)";
				SWIFT_VERSION = 5.0;
				TARGETED_DEVICE_FAMILY = "1,2";
			};
			name = Release;
		};
/* End XCBuildConfiguration section */

/* Begin XCConfigurationList section */
		7E8D632B24D2AB960037BB81 /* Build configuration list for PBXProject "DanhBaDienThoai" */ = {
			isa = XCConfigurationList;
			buildConfigurations = (
				7E8D634224D2AB980037BB81 /* Debug */,
				7E8D634324D2AB980037BB81 /* Release */,
			);
			defaultConfigurationIsVisible = 0;
			defaultConfigurationName = Release;
		};
		7E8D634424D2AB980037BB81 /* Build configuration list for PBXNativeTarget "DanhBaDienThoai" */ = {
			isa = XCConfigurationList;
			buildConfigurations = (
				7E8D634524D2AB980037BB81 /* Debug */,
				7E8D634624D2AB980037BB81 /* Release */,
			);
			defaultConfigurationIsVisible = 0;
			defaultConfigurationName = Release;
		};
/* End XCConfigurationList section */
	};
	rootObject = 7E8D632824D2AB960037BB81 /* Project object */;
}
